// !$*UTF8*$!
{
	archiveVersion = 1;
	classes = {
	};
	objectVersion = 77;
	objects = {

/* Begin PBXBuildFile section */
		182164D62E3CA3AD00563DFC /* ContentView.swift in Sources */ = {isa = PBXBuildFile; fileRef = 182164D02E3CA3AD00563DFC /* ContentView.swift */; };
		182164E52E3DA91A00563DFC /* extension.swift in Sources */ = {isa = PBXBuildFile; fileRef = 182164E42E3DA91A00563DFC /* extension.swift */; };
		182164E82E3DB9CB00563DFC /* DetailView.swift in Sources */ = {isa = PBXBuildFile; fileRef = 182164E72E3DB9CB00563DFC /* DetailView.swift */; };
		182164EA2E3DB9F100563DFC /* ObservableObject.swift in Sources */ = {isa = PBXBuildFile; fileRef = 182164E92E3DB9F100563DFC /* ObservableObject.swift */; };
		182164F02E3DBCB100563DFC /* TextView.swift in Sources */ = {isa = PBXBuildFile; fileRef = 182164EF2E3DBCB100563DFC /* TextView.swift */; };
		187818A12E3F4837000C988A /* extension_DateGroupedTableViewController.swift in Sources */ = {isa = PBXBuildFile; fileRef = 187818A02E3F4837000C988A /* extension_DateGroupedTableViewController.swift */; };
/* End PBXBuildFile section */

/* Begin PBXContainerItemProxy section */
		182164B12E3CA2A800563DFC /* PBXContainerItemProxy */ = {
			isa = PBXContainerItemProxy;
			containerPortal = 182164922E3CA2A600563DFC /* Project object */;
			proxyType = 1;
			remoteGlobalIDString = 182164992E3CA2A600563DFC;
			remoteInfo = DateSections_UITableView3;
		};
		182164BB2E3CA2A800563DFC /* PBXContainerItemProxy */ = {
			isa = PBXContainerItemProxy;
			containerPortal = 182164922E3CA2A600563DFC /* Project object */;
			proxyType = 1;
			remoteGlobalIDString = 182164992E3CA2A600563DFC;
			remoteInfo = DateSections_UITableView3;
		};
/* End PBXContainerItemProxy section */

/* Begin PBXFileReference section */
		1821649A2E3CA2A600563DFC /* DateSections_UITableView3.app */ = {isa = PBXFileReference; explicitFileType = wrapper.application; includeInIndex = 0; path = DateSections_UITableView3.app; sourceTree = BUILT_PRODUCTS_DIR; };
		182164B02E3CA2A800563DFC /* DateSections_UITableView3Tests.xctest */ = {isa = PBXFileReference; explicitFileType = wrapper.cfbundle; includeInIndex = 0; path = DateSections_UITableView3Tests.xctest; sourceTree = BUILT_PRODUCTS_DIR; };
		182164BA2E3CA2A800563DFC /* DateSections_UITableView3UITests.xctest */ = {isa = PBXFileReference; explicitFileType = wrapper.cfbundle; includeInIndex = 0; path = DateSections_UITableView3UITests.xctest; sourceTree = BUILT_PRODUCTS_DIR; };
		182164D02E3CA3AD00563DFC /* ContentView.swift */ = {isa = PBXFileReference; lastKnownFileType = sourcecode.swift; path = ContentView.swift; sourceTree = "<group>"; };
		182164E42E3DA91A00563DFC /* extension.swift */ = {isa = PBXFileReference; lastKnownFileType = sourcecode.swift; path = extension.swift; sourceTree = "<group>"; };
		182164E72E3DB9CB00563DFC /* DetailView.swift */ = {isa = PBXFileReference; lastKnownFileType = sourcecode.swift; path = DetailView.swift; sourceTree = "<group>"; };
		182164E92E3DB9F100563DFC /* ObservableObject.swift */ = {isa = PBXFileReference; lastKnownFileType = sourcecode.swift; path = ObservableObject.swift; sourceTree = "<group>"; };
		182164EF2E3DBCB100563DFC /* TextView.swift */ = {isa = PBXFileReference; lastKnownFileType = sourcecode.swift; path = TextView.swift; sourceTree = "<group>"; };
		187818A02E3F4837000C988A /* extension_DateGroupedTableViewController.swift */ = {isa = PBXFileReference; lastKnownFileType = sourcecode.swift; path = extension_DateGroupedTableViewController.swift; sourceTree = "<group>"; };
/* End PBXFileReference section */

/* Begin PBXFileSystemSynchronizedRootGroup section */
		1821649C2E3CA2A600563DFC /* DateSections_UITableView3 */ = {
			isa = PBXFileSystemSynchronizedRootGroup;
			path = DateSections_UITableView3;
			sourceTree = "<group>";
		};
		182164B32E3CA2A800563DFC /* DateSections_UITableView3Tests */ = {
			isa = PBXFileSystemSynchronizedRootGroup;
			path = DateSections_UITableView3Tests;
			sourceTree = "<group>";
		};
		182164BD2E3CA2A800563DFC /* DateSections_UITableView3UITests */ = {
			isa = PBXFileSystemSynchronizedRootGroup;
			path = DateSections_UITableView3UITests;
			sourceTree = "<group>";
		};
/* End PBXFileSystemSynchronizedRootGroup section */

/* Begin PBXFrameworksBuildPhase section */
		182164972E3CA2A600563DFC /* Frameworks */ = {
			isa = PBXFrameworksBuildPhase;
			buildActionMask = 2147483647;
			files = (
			);
			runOnlyForDeploymentPostprocessing = 0;
		};
		182164AD2E3CA2A800563DFC /* Frameworks */ = {
			isa = PBXFrameworksBuildPhase;
			buildActionMask = 2147483647;
			files = (
			);
			runOnlyForDeploymentPostprocessing = 0;
		};
		182164B72E3CA2A800563DFC /* Frameworks */ = {
			isa = PBXFrameworksBuildPhase;
			buildActionMask = 2147483647;
			files = (
			);
			runOnlyForDeploymentPostprocessing = 0;
		};
/* End PBXFrameworksBuildPhase section */

/* Begin PBXGroup section */
		182164912E3CA2A600563DFC = {
			isa = PBXGroup;
			children = (
				182164E62E3DB9B500563DFC /* New Group */,
				187818A22E3F5092000C988A /* - */,
				1821649C2E3CA2A600563DFC /* DateSections_UITableView3 */,
				182164B32E3CA2A800563DFC /* DateSections_UITableView3Tests */,
				182164BD2E3CA2A800563DFC /* DateSections_UITableView3UITests */,
				1821649B2E3CA2A600563DFC /* Products */,
			);
			sourceTree = "<group>";
		};
		1821649B2E3CA2A600563DFC /* Products */ = {
			isa = PBXGroup;
			children = (
				1821649A2E3CA2A600563DFC /* DateSections_UITableView3.app */,
				182164B02E3CA2A800563DFC /* DateSections_UITableView3Tests.xctest */,
				182164BA2E3CA2A800563DFC /* DateSections_UITableView3UITests.xctest */,
			);
			name = Products;
			sourceTree = "<group>";
		};
		182164E62E3DB9B500563DFC /* New Group */ = {
			isa = PBXGroup;
			children = (
				182164D02E3CA3AD00563DFC /* ContentView.swift */,
				182164EF2E3DBCB100563DFC /* TextView.swift */,
				1878189F2E3F480A000C988A /* extension */,
				182164E92E3DB9F100563DFC /* ObservableObject.swift */,
			);
			path = "New Group";
			sourceTree = "<group>";
		};
		1878189F2E3F480A000C988A /* extension */ = {
			isa = PBXGroup;
			children = (
				182164E42E3DA91A00563DFC /* extension.swift */,
				187818A02E3F4837000C988A /* extension_DateGroupedTableViewController.swift */,
			);
			path = extension;
			sourceTree = "<group>";
		};
		187818A22E3F5092000C988A /* - */ = {
			isa = PBXGroup;
			children = (
				182164E72E3DB9CB00563DFC /* DetailView.swift */,
			);
			path = "-";
			sourceTree = "<group>";
		};
/* End PBXGroup section */

/* Begin PBXNativeTarget section */
		182164992E3CA2A600563DFC /* DateSections_UITableView3 */ = {
			isa = PBXNativeTarget;
			buildConfigurationList = 182164C42E3CA2A800563DFC /* Build configuration list for PBXNativeTarget "DateSections_UITableView3" */;
			buildPhases = (
				182164962E3CA2A600563DFC /* Sources */,
				182164972E3CA2A600563DFC /* Frameworks */,
				182164982E3CA2A600563DFC /* Resources */,
			);
			buildRules = (
			);
			dependencies = (
			);
			fileSystemSynchronizedGroups = (
				1821649C2E3CA2A600563DFC /* DateSections_UITableView3 */,
			);
			name = DateSections_UITableView3;
			packageProductDependencies = (
			);
			productName = DateSections_UITableView3;
			productReference = 1821649A2E3CA2A600563DFC /* DateSections_UITableView3.app */;
			productType = "com.apple.product-type.application";
		};
		182164AF2E3CA2A800563DFC /* DateSections_UITableView3Tests */ = {
			isa = PBXNativeTarget;
			buildConfigurationList = 182164C72E3CA2A800563DFC /* Build configuration list for PBXNativeTarget "DateSections_UITableView3Tests" */;
			buildPhases = (
				182164AC2E3CA2A800563DFC /* Sources */,
				182164AD2E3CA2A800563DFC /* Frameworks */,
				182164AE2E3CA2A800563DFC /* Resources */,
			);
			buildRules = (
			);
			dependencies = (
				182164B22E3CA2A800563DFC /* PBXTargetDependency */,
			);
			fileSystemSynchronizedGroups = (
				182164B32E3CA2A800563DFC /* DateSections_UITableView3Tests */,
			);
			name = DateSections_UITableView3Tests;
			packageProductDependencies = (
			);
			productName = DateSections_UITableView3Tests;
			productReference = 182164B02E3CA2A800563DFC /* DateSections_UITableView3Tests.xctest */;
			productType = "com.apple.product-type.bundle.unit-test";
		};
		182164B92E3CA2A800563DFC /* DateSections_UITableView3UITests */ = {
			isa = PBXNativeTarget;
			buildConfigurationList = 182164CA2E3CA2A800563DFC /* Build configuration list for PBXNativeTarget "DateSections_UITableView3UITests" */;
			buildPhases = (
				182164B62E3CA2A800563DFC /* Sources */,
				182164B72E3CA2A800563DFC /* Frameworks */,
				182164B82E3CA2A800563DFC /* Resources */,
			);
			buildRules = (
			);
			dependencies = (
				182164BC2E3CA2A800563DFC /* PBXTargetDependency */,
			);
			fileSystemSynchronizedGroups = (
				182164BD2E3CA2A800563DFC /* DateSections_UITableView3UITests */,
			);
			name = DateSections_UITableView3UITests;
			packageProductDependencies = (
			);
			productName = DateSections_UITableView3UITests;
			productReference = 182164BA2E3CA2A800563DFC /* DateSections_UITableView3UITests.xctest */;
			productType = "com.apple.product-type.bundle.ui-testing";
		};
/* End PBXNativeTarget section */

/* Begin PBXProject section */
		182164922E3CA2A600563DFC /* Project object */ = {
			isa = PBXProject;
			attributes = {
				BuildIndependentTargetsInParallel = 1;
				LastSwiftUpdateCheck = 1620;
				LastUpgradeCheck = 1620;
				TargetAttributes = {
					182164992E3CA2A600563DFC = {
						CreatedOnToolsVersion = 16.2;
					};
					182164AF2E3CA2A800563DFC = {
						CreatedOnToolsVersion = 16.2;
						TestTargetID = 182164992E3CA2A600563DFC;
					};
					182164B92E3CA2A800563DFC = {
						CreatedOnToolsVersion = 16.2;
						TestTargetID = 182164992E3CA2A600563DFC;
					};
				};
			};
			buildConfigurationList = 182164952E3CA2A600563DFC /* Build configuration list for PBXProject "DateSections_UITableView3" */;
			developmentRegion = en;
			hasScannedForEncodings = 0;
			knownRegions = (
				en,
				Base,
			);
			mainGroup = 182164912E3CA2A600563DFC;
			minimizedProjectReferenceProxies = 1;
			preferredProjectObjectVersion = 77;
			productRefGroup = 1821649B2E3CA2A600563DFC /* Products */;
			projectDirPath = "";
			projectRoot = "";
			targets = (
				182164992E3CA2A600563DFC /* DateSections_UITableView3 */,
				182164AF2E3CA2A800563DFC /* DateSections_UITableView3Tests */,
				182164B92E3CA2A800563DFC /* DateSections_UITableView3UITests */,
			);
		};
/* End PBXProject section */

/* Begin PBXResourcesBuildPhase section */
		182164982E3CA2A600563DFC /* Resources */ = {
			isa = PBXResourcesBuildPhase;
			buildActionMask = 2147483647;
			files = (
			);
			runOnlyForDeploymentPostprocessing = 0;
		};
		182164AE2E3CA2A800563DFC /* Resources */ = {
			isa = PBXResourcesBuildPhase;
			buildActionMask = 2147483647;
			files = (
			);
			runOnlyForDeploymentPostprocessing = 0;
		};
		182164B82E3CA2A800563DFC /* Resources */ = {
			isa = PBXResourcesBuildPhase;
			buildActionMask = 2147483647;
			files = (
			);
			runOnlyForDeploymentPostprocessing = 0;
		};
/* End PBXResourcesBuildPhase section */

/* Begin PBXSourcesBuildPhase section */
		182164962E3CA2A600563DFC /* Sources */ = {
			isa = PBXSourcesBuildPhase;
			buildActionMask = 2147483647;
			files = (
				187818A12E3F4837000C988A /* extension_DateGroupedTableViewController.swift in Sources */,
				182164D62E3CA3AD00563DFC /* ContentView.swift in Sources */,
				182164E82E3DB9CB00563DFC /* DetailView.swift in Sources */,
				182164E52E3DA91A00563DFC /* extension.swift in Sources */,
				182164EA2E3DB9F100563DFC /* ObservableObject.swift in Sources */,
				182164F02E3DBCB100563DFC /* TextView.swift in Sources */,
			);
			runOnlyForDeploymentPostprocessing = 0;
		};
		182164AC2E3CA2A800563DFC /* Sources */ = {
			isa = PBXSourcesBuildPhase;
			buildActionMask = 2147483647;
			files = (
			);
			runOnlyForDeploymentPostprocessing = 0;
		};
		182164B62E3CA2A800563DFC /* Sources */ = {
			isa = PBXSourcesBuildPhase;
			buildActionMask = 2147483647;
			files = (
			);
			runOnlyForDeploymentPostprocessing = 0;
		};
/* End PBXSourcesBuildPhase section */

/* Begin PBXTargetDependency section */
		182164B22E3CA2A800563DFC /* PBXTargetDependency */ = {
			isa = PBXTargetDependency;
			target = 182164992E3CA2A600563DFC /* DateSections_UITableView3 */;
			targetProxy = 182164B12E3CA2A800563DFC /* PBXContainerItemProxy */;
		};
		182164BC2E3CA2A800563DFC /* PBXTargetDependency */ = {
			isa = PBXTargetDependency;
			target = 182164992E3CA2A600563DFC /* DateSections_UITableView3 */;
			targetProxy = 182164BB2E3CA2A800563DFC /* PBXContainerItemProxy */;
		};
/* End PBXTargetDependency section */

/* Begin XCBuildConfiguration section */
		182164C22E3CA2A800563DFC /* Debug */ = {
			isa = XCBuildConfiguration;
			buildSettings = {
				ALWAYS_SEARCH_USER_PATHS = NO;
				ASSETCATALOG_COMPILER_GENERATE_SWIFT_ASSET_SYMBOL_EXTENSIONS = YES;
				CLANG_ANALYZER_NONNULL = YES;
				CLANG_ANALYZER_NUMBER_OBJECT_CONVERSION = YES_AGGRESSIVE;
				CLANG_CXX_LANGUAGE_STANDARD = "gnu++20";
				CLANG_ENABLE_MODULES = YES;
				CLANG_ENABLE_OBJC_ARC = YES;
				CLANG_ENABLE_OBJC_WEAK = YES;
				CLANG_WARN_BLOCK_CAPTURE_AUTORELEASING = YES;
				CLANG_WARN_BOOL_CONVERSION = YES;
				CLANG_WARN_COMMA = YES;
				CLANG_WARN_CONSTANT_CONVERSION = YES;
				CLANG_WARN_DEPRECATED_OBJC_IMPLEMENTATIONS = YES;
				CLANG_WARN_DIRECT_OBJC_ISA_USAGE = YES_ERROR;
				CLANG_WARN_DOCUMENTATION_COMMENTS = YES;
				CLANG_WARN_EMPTY_BODY = YES;
				CLANG_WARN_ENUM_CONVERSION = YES;
				CLANG_WARN_INFINITE_RECURSION = YES;
				CLANG_WARN_INT_CONVERSION = YES;
				CLANG_WARN_NON_LITERAL_NULL_CONVERSION = YES;
				CLANG_WARN_OBJC_IMPLICIT_RETAIN_SELF = YES;
				CLANG_WARN_OBJC_LITERAL_CONVERSION = YES;
				CLANG_WARN_OBJC_ROOT_CLASS = YES_ERROR;
				CLANG_WARN_QUOTED_INCLUDE_IN_FRAMEWORK_HEADER = YES;
				CLANG_WARN_RANGE_LOOP_ANALYSIS = YES;
				CLANG_WARN_STRICT_PROTOTYPES = YES;
				CLANG_WARN_SUSPICIOUS_MOVE = YES;
				CLANG_WARN_UNGUARDED_AVAILABILITY = YES_AGGRESSIVE;
				CLANG_WARN_UNREACHABLE_CODE = YES;
				CLANG_WARN__DUPLICATE_METHOD_MATCH = YES;
				COPY_PHASE_STRIP = NO;
				DEBUG_INFORMATION_FORMAT = dwarf;
				ENABLE_STRICT_OBJC_MSGSEND = YES;
				ENABLE_TESTABILITY = YES;
				ENABLE_USER_SCRIPT_SANDBOXING = YES;
				GCC_C_LANGUAGE_STANDARD = gnu17;
				GCC_DYNAMIC_NO_PIC = NO;
				GCC_NO_COMMON_BLOCKS = YES;
				GCC_OPTIMIZATION_LEVEL = 0;
				GCC_PREPROCESSOR_DEFINITIONS = (
					"DEBUG=1",
					"$(inherited)",
				);
				GCC_WARN_64_TO_32_BIT_CONVERSION = YES;
				GCC_WARN_ABOUT_RETURN_TYPE = YES_ERROR;
				GCC_WARN_UNDECLARED_SELECTOR = YES;
				GCC_WARN_UNINITIALIZED_AUTOS = YES_AGGRESSIVE;
				GCC_WARN_UNUSED_FUNCTION = YES;
				GCC_WARN_UNUSED_VARIABLE = YES;
				LOCALIZATION_PREFERS_STRING_CATALOGS = YES;
				MTL_ENABLE_DEBUG_INFO = INCLUDE_SOURCE;
				MTL_FAST_MATH = YES;
				ONLY_ACTIVE_ARCH = YES;
				SWIFT_ACTIVE_COMPILATION_CONDITIONS = "DEBUG $(inherited)";
				SWIFT_OPTIMIZATION_LEVEL = "-Onone";
			};
			name = Debug;
		};
		182164C32E3CA2A800563DFC /* Release */ = {
			isa = XCBuildConfiguration;
			buildSettings = {
				ALWAYS_SEARCH_USER_PATHS = NO;
				ASSETCATALOG_COMPILER_GENERATE_SWIFT_ASSET_SYMBOL_EXTENSIONS = YES;
				CLANG_ANALYZER_NONNULL = YES;
				CLANG_ANALYZER_NUMBER_OBJECT_CONVERSION = YES_AGGRESSIVE;
				CLANG_CXX_LANGUAGE_STANDARD = "gnu++20";
				CLANG_ENABLE_MODULES = YES;
				CLANG_ENABLE_OBJC_ARC = YES;
				CLANG_ENABLE_OBJC_WEAK = YES;
				CLANG_WARN_BLOCK_CAPTURE_AUTORELEASING = YES;
				CLANG_WARN_BOOL_CONVERSION = YES;
				CLANG_WARN_COMMA = YES;
				CLANG_WARN_CONSTANT_CONVERSION = YES;
				CLANG_WARN_DEPRECATED_OBJC_IMPLEMENTATIONS = YES;
				CLANG_WARN_DIRECT_OBJC_ISA_USAGE = YES_ERROR;
				CLANG_WARN_DOCUMENTATION_COMMENTS = YES;
				CLANG_WARN_EMPTY_BODY = YES;
				CLANG_WARN_ENUM_CONVERSION = YES;
				CLANG_WARN_INFINITE_RECURSION = YES;
				CLANG_WARN_INT_CONVERSION = YES;
				CLANG_WARN_NON_LITERAL_NULL_CONVERSION = YES;
				CLANG_WARN_OBJC_IMPLICIT_RETAIN_SELF = YES;
				CLANG_WARN_OBJC_LITERAL_CONVERSION = YES;
				CLANG_WARN_OBJC_ROOT_CLASS = YES_ERROR;
				CLANG_WARN_QUOTED_INCLUDE_IN_FRAMEWORK_HEADER = YES;
				CLANG_WARN_RANGE_LOOP_ANALYSIS = YES;
				CLANG_WARN_STRICT_PROTOTYPES = YES;
				CLANG_WARN_SUSPICIOUS_MOVE = YES;
				CLANG_WARN_UNGUARDED_AVAILABILITY = YES_AGGRESSIVE;
				CLANG_WARN_UNREACHABLE_CODE = YES;
				CLANG_WARN__DUPLICATE_METHOD_MATCH = YES;
				COPY_PHASE_STRIP = NO;
				DEBUG_INFORMATION_FORMAT = "dwarf-with-dsym";
				ENABLE_NS_ASSERTIONS = NO;
				ENABLE_STRICT_OBJC_MSGSEND = YES;
				ENABLE_USER_SCRIPT_SANDBOXING = YES;
				GCC_C_LANGUAGE_STANDARD = gnu17;
				GCC_NO_COMMON_BLOCKS = YES;
				GCC_WARN_64_TO_32_BIT_CONVERSION = YES;
				GCC_WARN_ABOUT_RETURN_TYPE = YES_ERROR;
				GCC_WARN_UNDECLARED_SELECTOR = YES;
				GCC_WARN_UNINITIALIZED_AUTOS = YES_AGGRESSIVE;
				GCC_WARN_UNUSED_FUNCTION = YES;
				GCC_WARN_UNUSED_VARIABLE = YES;
				LOCALIZATION_PREFERS_STRING_CATALOGS = YES;
				MTL_ENABLE_DEBUG_INFO = NO;
				MTL_FAST_MATH = YES;
				SWIFT_COMPILATION_MODE = wholemodule;
			};
			name = Release;
		};
		182164C52E3CA2A800563DFC /* Debug */ = {
			isa = XCBuildConfiguration;
			buildSettings = {
				ASSETCATALOG_COMPILER_APPICON_NAME = AppIcon;
				ASSETCATALOG_COMPILER_GLOBAL_ACCENT_COLOR_NAME = AccentColor;
				CODE_SIGN_ENTITLEMENTS = DateSections_UITableView3/DateSections_UITableView3.entitlements;
				CODE_SIGN_STYLE = Automatic;
				CURRENT_PROJECT_VERSION = 1;
				DEVELOPMENT_ASSET_PATHS = "\"DateSections_UITableView3/Preview Content\"";
				DEVELOPMENT_TEAM = 36Z8VP4JN8;
				ENABLE_HARDENED_RUNTIME = YES;
				ENABLE_PREVIEWS = YES;
				GENERATE_INFOPLIST_FILE = YES;
				"INFOPLIST_KEY_UIApplicationSceneManifest_Generation[sdk=iphoneos*]" = YES;
				"INFOPLIST_KEY_UIApplicationSceneManifest_Generation[sdk=iphonesimulator*]" = YES;
				"INFOPLIST_KEY_UIApplicationSupportsIndirectInputEvents[sdk=iphoneos*]" = YES;
				"INFOPLIST_KEY_UIApplicationSupportsIndirectInputEvents[sdk=iphonesimulator*]" = YES;
				"INFOPLIST_KEY_UILaunchScreen_Generation[sdk=iphoneos*]" = YES;
				"INFOPLIST_KEY_UILaunchScreen_Generation[sdk=iphonesimulator*]" = YES;
				"INFOPLIST_KEY_UIStatusBarStyle[sdk=iphoneos*]" = UIStatusBarStyleDefault;
				"INFOPLIST_KEY_UIStatusBarStyle[sdk=iphonesimulator*]" = UIStatusBarStyleDefault;
				INFOPLIST_KEY_UISupportedInterfaceOrientations_iPad = "UIInterfaceOrientationPortrait UIInterfaceOrientationPortraitUpsideDown UIInterfaceOrientationLandscapeLeft UIInterfaceOrientationLandscapeRight";
				INFOPLIST_KEY_UISupportedInterfaceOrientations_iPhone = "UIInterfaceOrientationPortrait UIInterfaceOrientationLandscapeLeft UIInterfaceOrientationLandscapeRight";
				IPHONEOS_DEPLOYMENT_TARGET = 16;
				LD_RUNPATH_SEARCH_PATHS = "@executable_path/Frameworks";
				"LD_RUNPATH_SEARCH_PATHS[sdk=macosx*]" = "@executable_path/../Frameworks";
				MACOSX_DEPLOYMENT_TARGET = 15.0;
				MARKETING_VERSION = 1.0;
				PRODUCT_BUNDLE_IDENTIFIER = "boad-system.DateSections-UITableView3";
				PRODUCT_NAME = "$(TARGET_NAME)";
				SDKROOT = auto;
				SUPPORTED_PLATFORMS = "iphoneos iphonesimulator macosx xros xrsimulator";
				SWIFT_EMIT_LOC_STRINGS = YES;
				SWIFT_VERSION = 5.0;
				TARGETED_DEVICE_FAMILY = "1,2,7";
				XROS_DEPLOYMENT_TARGET = 2.2;
			};
			name = Debug;
		};
		182164C62E3CA2A800563DFC /* Release */ = {
			isa = XCBuildConfiguration;
			buildSettings = {
				ASSETCATALOG_COMPILER_APPICON_NAME = AppIcon;
				ASSETCATALOG_COMPILER_GLOBAL_ACCENT_COLOR_NAME = AccentColor;
				CODE_SIGN_ENTITLEMENTS = DateSections_UITableView3/DateSections_UITableView3.entitlements;
				CODE_SIGN_STYLE = Automatic;
				CURRENT_PROJECT_VERSION = 1;
				DEVELOPMENT_ASSET_PATHS = "\"DateSections_UITableView3/Preview Content\"";
				DEVELOPMENT_TEAM = 36Z8VP4JN8;
				ENABLE_HARDENED_RUNTIME = YES;
				ENABLE_PREVIEWS = YES;
				GENERATE_INFOPLIST_FILE = YES;
				"INFOPLIST_KEY_UIApplicationSceneManifest_Generation[sdk=iphoneos*]" = YES;
				"INFOPLIST_KEY_UIApplicationSceneManifest_Generation[sdk=iphonesimulator*]" = YES;
				"INFOPLIST_KEY_UIApplicationSupportsIndirectInputEvents[sdk=iphoneos*]" = YES;
				"INFOPLIST_KEY_UIApplicationSupportsIndirectInputEvents[sdk=iphonesimulator*]" = YES;
				"INFOPLIST_KEY_UILaunchScreen_Generation[sdk=iphoneos*]" = YES;
				"INFOPLIST_KEY_UILaunchScreen_Generation[sdk=iphonesimulator*]" = YES;
				"INFOPLIST_KEY_UIStatusBarStyle[sdk=iphoneos*]" = UIStatusBarStyleDefault;
				"INFOPLIST_KEY_UIStatusBarStyle[sdk=iphonesimulator*]" = UIStatusBarStyleDefault;
				INFOPLIST_KEY_UISupportedInterfaceOrientations_iPad = "UIInterfaceOrientationPortrait UIInterfaceOrientationPortraitUpsideDown UIInterfaceOrientationLandscapeLeft UIInterfaceOrientationLandscapeRight";
				INFOPLIST_KEY_UISupportedInterfaceOrientations_iPhone = "UIInterfaceOrientationPortrait UIInterfaceOrientationLandscapeLeft UIInterfaceOrientationLandscapeRight";
				IPHONEOS_DEPLOYMENT_TARGET = 16;
				LD_RUNPATH_SEARCH_PATHS = "@executable_path/Frameworks";
				"LD_RUNPATH_SEARCH_PATHS[sdk=macosx*]" = "@executable_path/../Frameworks";
				MACOSX_DEPLOYMENT_TARGET = 15.0;
				MARKETING_VERSION = 1.0;
				PRODUCT_BUNDLE_IDENTIFIER = "boad-system.DateSections-UITableView3";
				PRODUCT_NAME = "$(TARGET_NAME)";
				SDKROOT = auto;
				SUPPORTED_PLATFORMS = "iphoneos iphonesimulator macosx xros xrsimulator";
				SWIFT_EMIT_LOC_STRINGS = YES;
				SWIFT_VERSION = 5.0;
				TARGETED_DEVICE_FAMILY = "1,2,7";
				XROS_DEPLOYMENT_TARGET = 2.2;
			};
			name = Release;
		};
		182164C82E3CA2A800563DFC /* Debug */ = {
			isa = XCBuildConfiguration;
			buildSettings = {
				BUNDLE_LOADER = "$(TEST_HOST)";
				CODE_SIGN_STYLE = Automatic;
				CURRENT_PROJECT_VERSION = 1;
				DEVELOPMENT_TEAM = 36Z8VP4JN8;
				GENERATE_INFOPLIST_FILE = YES;
				IPHONEOS_DEPLOYMENT_TARGET = 18.2;
				MACOSX_DEPLOYMENT_TARGET = 15.0;
				MARKETING_VERSION = 1.0;
				PRODUCT_BUNDLE_IDENTIFIER = "boad-system.DateSections-UITableView3Tests";
				PRODUCT_NAME = "$(TARGET_NAME)";
				SDKROOT = auto;
				SUPPORTED_PLATFORMS = "iphoneos iphonesimulator macosx xros xrsimulator";
				SWIFT_EMIT_LOC_STRINGS = NO;
				SWIFT_VERSION = 5.0;
				TARGETED_DEVICE_FAMILY = "1,2,7";
				TEST_HOST = "$(BUILT_PRODUCTS_DIR)/DateSections_UITableView3.app/$(BUNDLE_EXECUTABLE_FOLDER_PATH)/DateSections_UITableView3";
				XROS_DEPLOYMENT_TARGET = 2.2;
			};
			name = Debug;
		};
		182164C92E3CA2A800563DFC /* Release */ = {
			isa = XCBuildConfiguration;
			buildSettings = {
				BUNDLE_LOADER = "$(TEST_HOST)";
				CODE_SIGN_STYLE = Automatic;
				CURRENT_PROJECT_VERSION = 1;
				DEVELOPMENT_TEAM = 36Z8VP4JN8;
				GENERATE_INFOPLIST_FILE = YES;
				IPHONEOS_DEPLOYMENT_TARGET = 18.2;
				MACOSX_DEPLOYMENT_TARGET = 15.0;
				MARKETING_VERSION = 1.0;
				PRODUCT_BUNDLE_IDENTIFIER = "boad-system.DateSections-UITableView3Tests";
				PRODUCT_NAME = "$(TARGET_NAME)";
				SDKROOT = auto;
				SUPPORTED_PLATFORMS = "iphoneos iphonesimulator macosx xros xrsimulator";
				SWIFT_EMIT_LOC_STRINGS = NO;
				SWIFT_VERSION = 5.0;
				TARGETED_DEVICE_FAMILY = "1,2,7";
				TEST_HOST = "$(BUILT_PRODUCTS_DIR)/DateSections_UITableView3.app/$(BUNDLE_EXECUTABLE_FOLDER_PATH)/DateSections_UITableView3";
				XROS_DEPLOYMENT_TARGET = 2.2;
			};
			name = Release;
		};
		182164CB2E3CA2A800563DFC /* Debug */ = {
			isa = XCBuildConfiguration;
			buildSettings = {
				CODE_SIGN_STYLE = Automatic;
				CURRENT_PROJECT_VERSION = 1;
				DEVELOPMENT_TEAM = 36Z8VP4JN8;
				GENERATE_INFOPLIST_FILE = YES;
				IPHONEOS_DEPLOYMENT_TARGET = 18.2;
				MACOSX_DEPLOYMENT_TARGET = 15.0;
				MARKETING_VERSION = 1.0;
				PRODUCT_BUNDLE_IDENTIFIER = "boad-system.DateSections-UITableView3UITests";
				PRODUCT_NAME = "$(TARGET_NAME)";
				SDKROOT = auto;
				SUPPORTED_PLATFORMS = "iphoneos iphonesimulator macosx xros xrsimulator";
				SWIFT_EMIT_LOC_STRINGS = NO;
				SWIFT_VERSION = 5.0;
				TARGETED_DEVICE_FAMILY = "1,2,7";
				TEST_TARGET_NAME = DateSections_UITableView3;
				XROS_DEPLOYMENT_TARGET = 2.2;
			};
			name = Debug;
		};
		182164CC2E3CA2A800563DFC /* Release */ = {
			isa = XCBuildConfiguration;
			buildSettings = {
				CODE_SIGN_STYLE = Automatic;
				CURRENT_PROJECT_VERSION = 1;
				DEVELOPMENT_TEAM = 36Z8VP4JN8;
				GENERATE_INFOPLIST_FILE = YES;
				IPHONEOS_DEPLOYMENT_TARGET = 18.2;
				MACOSX_DEPLOYMENT_TARGET = 15.0;
				MARKETING_VERSION = 1.0;
				PRODUCT_BUNDLE_IDENTIFIER = "boad-system.DateSections-UITableView3UITests";
				PRODUCT_NAME = "$(TARGET_NAME)";
				SDKROOT = auto;
				SUPPORTED_PLATFORMS = "iphoneos iphonesimulator macosx xros xrsimulator";
				SWIFT_EMIT_LOC_STRINGS = NO;
				SWIFT_VERSION = 5.0;
				TARGETED_DEVICE_FAMILY = "1,2,7";
				TEST_TARGET_NAME = DateSections_UITableView3;
				XROS_DEPLOYMENT_TARGET = 2.2;
			};
			name = Release;
		};
/* End XCBuildConfiguration section */

/* Begin XCConfigurationList section */
		182164952E3CA2A600563DFC /* Build configuration list for PBXProject "DateSections_UITableView3" */ = {
			isa = XCConfigurationList;
			buildConfigurations = (
				182164C22E3CA2A800563DFC /* Debug */,
				182164C32E3CA2A800563DFC /* Release */,
			);
			defaultConfigurationIsVisible = 0;
			defaultConfigurationName = Release;
		};
		182164C42E3CA2A800563DFC /* Build configuration list for PBXNativeTarget "DateSections_UITableView3" */ = {
			isa = XCConfigurationList;
			buildConfigurations = (
				182164C52E3CA2A800563DFC /* Debug */,
				182164C62E3CA2A800563DFC /* Release */,
			);
			defaultConfigurationIsVisible = 0;
			defaultConfigurationName = Release;
		};
		182164C72E3CA2A800563DFC /* Build configuration list for PBXNativeTarget "DateSections_UITableView3Tests" */ = {
			isa = XCConfigurationList;
			buildConfigurations = (
				182164C82E3CA2A800563DFC /* Debug */,
				182164C92E3CA2A800563DFC /* Release */,
			);
			defaultConfigurationIsVisible = 0;
			defaultConfigurationName = Release;
		};
		182164CA2E3CA2A800563DFC /* Build configuration list for PBXNativeTarget "DateSections_UITableView3UITests" */ = {
			isa = XCConfigurationList;
			buildConfigurations = (
				182164CB2E3CA2A800563DFC /* Debug */,
				182164CC2E3CA2A800563DFC /* Release */,
			);
			defaultConfigurationIsVisible = 0;
			defaultConfigurationName = Release;
		};
/* End XCConfigurationList section */
	};
	rootObject = 182164922E3CA2A600563DFC /* Project object */;
}
